
Microsoft Visual Studio Solution File, Format Version 12.00
# Visual Studio 15
VisualStudioVersion = 15.0.26730.12
MinimumVisualStudioVersion = 10.0.40219.1
Project("{FAE04EC0-301F-11D3-BF4B-00C04F79EFBC}") = "TerryBuilding.Web", "TerryBuilding.Web\TerryBuilding.Web.csproj", "{8990B5E6-A3B2-4F40-905A-C2AFBD2CF57C}"
EndProject
Global
	GlobalSection(SolutionConfigurationPlatforms) = preSolution
		Debug|Any CPU = Debug|Any CPU
		Release|Any CPU = Release|Any CPU
	EndGlobalSection
	GlobalSection(ProjectConfigurationPlatforms) = postSolution
		{8990B5E6-A3B2-4F40-905A-C2AFBD2CF57C}.Debug|Any CPU.ActiveCfg = Debug|Any CPU
		{8990B5E6-A3B2-4F40-905A-C2AFBD2CF57C}.Debug|Any CPU.Build.0 = Debug|Any CPU
		{8990B5E6-A3B2-4F40-905A-C2AFBD2CF57C}.Release|Any CPU.ActiveCfg = Release|Any CPU
		{8990B5E6-A3B2-4F40-905A-C2AFBD2CF57C}.Release|Any CPU.Build.0 = Release|Any CPU
	EndGlobalSection
	GlobalSection(SolutionProperties) = preSolution
		HideSolutionNode = FALSE
	EndGlobalSection
	GlobalSection(ExtensibilityGlobals) = postSolution
		SolutionGuid = {429E5B95-751B-4160-9524-60A9EB18E72B}
	EndGlobalSection
EndGlobal
